
Microsoft Visual Studio Solution File, Format Version 12.00
# Visual Studio Version 17
VisualStudioVersion = 17.13.35828.75
MinimumVisualStudioVersion = 10.0.40219.1
Project("{FAE04EC0-301F-11D3-BF4B-00C04F79EFBC}") = "PE_PRN231_SP24_123890_SE172360_BE", "PE_PRN231_SP24_123890_SE172360_BE\PE_PRN231_SP24_123890_SE172360_BE.csproj", "{691CBAFF-C9D0-4AA7-9549-827A750D4888}"
EndProject
Project("{FAE04EC0-301F-11D3-BF4B-00C04F79EFBC}") = "Repository", "Repository\Repository.csproj", "{D4AA3D4A-F742-4EEB-A3B8-F96A2E7D10AE}"
EndProject
Project("{FAE04EC0-301F-11D3-BF4B-00C04F79EFBC}") = "Service", "Service\Service.csproj", "{0FC1E917-8EED-4824-AD64-B72CEACF499C}"
EndProject
Global
	GlobalSection(SolutionConfigurationPlatforms) = preSolution
		Debug|Any CPU = Debug|Any CPU
		Release|Any CPU = Release|Any CPU
	EndGlobalSection
	GlobalSection(ProjectConfigurationPlatforms) = postSolution
		{691CBAFF-C9D0-4AA7-9549-827A750D4888}.Debug|Any CPU.ActiveCfg = Debug|Any CPU
		{691CBAFF-C9D0-4AA7-9549-827A750D4888}.Debug|Any CPU.Build.0 = Debug|Any CPU
		{691CBAFF-C9D0-4AA7-9549-827A750D4888}.Release|Any CPU.ActiveCfg = Release|Any CPU
		{691CBAFF-C9D0-4AA7-9549-827A750D4888}.Release|Any CPU.Build.0 = Release|Any CPU
		{D4AA3D4A-F742-4EEB-A3B8-F96A2E7D10AE}.Debug|Any CPU.ActiveCfg = Debug|Any CPU
		{D4AA3D4A-F742-4EEB-A3B8-F96A2E7D10AE}.Debug|Any CPU.Build.0 = Debug|Any CPU
		{D4AA3D4A-F742-4EEB-A3B8-F96A2E7D10AE}.Release|Any CPU.ActiveCfg = Release|Any CPU
		{D4AA3D4A-F742-4EEB-A3B8-F96A2E7D10AE}.Release|Any CPU.Build.0 = Release|Any CPU
		{0FC1E917-8EED-4824-AD64-B72CEACF499C}.Debug|Any CPU.ActiveCfg = Debug|Any CPU
		{0FC1E917-8EED-4824-AD64-B72CEACF499C}.Debug|Any CPU.Build.0 = Debug|Any CPU
		{0FC1E917-8EED-4824-AD64-B72CEACF499C}.Release|Any CPU.ActiveCfg = Release|Any CPU
		{0FC1E917-8EED-4824-AD64-B72CEACF499C}.Release|Any CPU.Build.0 = Release|Any CPU
	EndGlobalSection
	GlobalSection(SolutionProperties) = preSolution
		HideSolutionNode = FALSE
	EndGlobalSection
	GlobalSection(ExtensibilityGlobals) = postSolution
		SolutionGuid = {69C5287B-271D-4B16-8620-ED5308238168}
	EndGlobalSection
EndGlobal
